{
  "name": "agentworld-subgraph-v2",
  "version": "1.0.0",
  "lockfileVersion": 3,
  "requires": true,
  "packages": {
    "": {
      "name": "agentworld-subgraph-v2",
      "version": "1.0.0",
      "license": "ISC",
      "dependencies": {
        "cytoscape": "^3.34.1"
      }
    },
    "node_modules/cytoscape": {
      "version": "3.34.1",
      "resolved": "https://registry.npmjs.org/cytoscape/-/cytoscape-3.34.1.tgz",
      "integrity": "sha512-Lr0RvH9H75y9ar8h9Toy6u4lxRSCcxUq+hHcQ26sVWo6BnaQp1gwEZOYqwuYTZhyW7npyKnNLP8oJ2p1/3OZ7g==",
      "license": "MIT",
      "engines": {
        "node": ">=0.10"
      }
    }
  }
}
